{
  "name": "credfeto-orchestrator",
  "lockfileVersion": 3,
  "requires": true,
  "packages": {
    "": {
      "dependencies": {
        "block-no-verify": "1.1.5"
      }
    },
    "node_modules/block-no-verify": {
      "version": "1.1.5",
      "resolved": "https://registry.npmjs.org/block-no-verify/-/block-no-verify-1.1.5.tgz",
      "integrity": "sha512-W3HE+NDbpPU2fTtKezWMR1FgJ2rvnmyd92lqkuZsFOqzr/gY0HsC2I9or/txoreCdZOyv4D41SR9472TzajCew==",
      "license": "MIT",
      "bin": {
        "block-no-verify": "dist/cli.js"
      },
      "engines": {
        "node": ">=20.0.0"
      }
    }
  }
}
